
Microsoft Visual Studio Solution File, Format Version 12.00
# Visual Studio Version 17
VisualStudioVersion = 17.10.35122.118
MinimumVisualStudioVersion = 10.0.40219.1
Project("{2150E333-8FDC-42A3-9474-1A3956D46DE8}") = "Solution Items", "Solution Items", "{797418B1-5E93-47C6-855F-4AA416834ABA}"
	ProjectSection(SolutionItems) = preProject
		ServiceUrls.txt = ServiceUrls.txt
	EndProjectSection
EndProject
Project("{2150E333-8FDC-42A3-9474-1A3956D46DE8}") = "src", "src", "{8CA817BD-F24C-4645-BF98-C2BFC2015057}"
EndProject
Project("{2150E333-8FDC-42A3-9474-1A3956D46DE8}") = "AppGateways", "AppGateways", "{FADFF159-1E47-4DEB-9F72-A198C5137B73}"
EndProject
Project("{2150E333-8FDC-42A3-9474-1A3956D46DE8}") = "BuildingBlocks", "BuildingBlocks", "{62FAD4EA-2934-4AB6-BFEA-C9C6C988BAD0}"
EndProject
Project("{2150E333-8FDC-42A3-9474-1A3956D46DE8}") = "Clients", "Clients", "{5AC62DF5-6488-48C7-B401-CBCC9420CCAF}"
EndProject
Project("{2150E333-8FDC-42A3-9474-1A3956D46DE8}") = "Services", "Services", "{81480111-6913-4DA6-9246-2552F9DBCFA7}"
EndProject
Project("{2150E333-8FDC-42A3-9474-1A3956D46DE8}") = "WebApiGateway", "WebApiGateway", "{A092AD26-06EB-4AF9-A695-47233A58F1A7}"
EndProject
Project("{9A19103F-16F7-4668-BE54-9A1E7A4F7556}") = "Web.ApiGateway", "src\ApiGateways\WebApiGateway\Web.ApiGateway\Web.ApiGateway.csproj", "{59FE044F-501D-4544-973B-0A7E08C28BFC}"
EndProject
Project("{2150E333-8FDC-42A3-9474-1A3956D46DE8}") = "EventBus", "EventBus", "{BDE2CB3C-2C29-4167-BEE0-159355C13D2E}"
EndProject
Project("{9A19103F-16F7-4668-BE54-9A1E7A4F7556}") = "EventBus.Base", "src\BuildingBlocks\EventBus\EventBus.Base\EventBus.Base.csproj", "{09B3E57E-B014-4623-97EE-CE50643D4876}"
EndProject
Project("{9A19103F-16F7-4668-BE54-9A1E7A4F7556}") = "EventBus.AzureServiceBus", "src\BuildingBlocks\EventBus\EventBus.AzureServiceBus\EventBus.AzureServiceBus.csproj", "{39715E20-098D-42FE-9FFA-CD94856DEC8B}"
EndProject
Project("{9A19103F-16F7-4668-BE54-9A1E7A4F7556}") = "EventBus.Factory", "src\BuildingBlocks\EventBus\EventBus.Factory\EventBus.Factory.csproj", "{7AC0DBCF-EBE8-407B-BFBD-F338BDAF7487}"
EndProject
Project("{9A19103F-16F7-4668-BE54-9A1E7A4F7556}") = "EventBus.RabbitMQ", "src\BuildingBlocks\EventBus\EventBus.RabbitMQ\EventBus.RabbitMQ.csproj", "{B1E5F0D9-7EA4-4517-999B-D80AFE96EABA}"
EndProject
Project("{2150E333-8FDC-42A3-9474-1A3956D46DE8}") = "BlazorWebApp", "BlazorWebApp", "{51D271EF-06B6-4BDC-BBB7-4D55CCB58F5A}"
EndProject
Project("{FAE04EC0-301F-11D3-BF4B-00C04F79EFBC}") = "WebApp", "src\Clients\BlazorWebApp\WebApp\WebApp.csproj", "{4257568B-3E9F-41E9-9F66-8B237E4D6378}"
EndProject
Project("{2150E333-8FDC-42A3-9474-1A3956D46DE8}") = "CatalogService", "CatalogService", "{FAC4481C-FEDA-4F75-8BE7-9AD8B0CA23F4}"
EndProject
Project("{2150E333-8FDC-42A3-9474-1A3956D46DE8}") = "BasketService", "BasketService", "{2E709773-122E-4974-8E21-7FDE96621194}"
EndProject
Project("{2150E333-8FDC-42A3-9474-1A3956D46DE8}") = "IdentityService", "IdentityService", "{0DCE51A7-07D5-4057-B9C4-441035D18B8B}"
EndProject
Project("{2150E333-8FDC-42A3-9474-1A3956D46DE8}") = "OrderService", "OrderService", "{1EF36CBB-B3C9-49BF-971E-D62E57B1D1DF}"
EndProject
Project("{2150E333-8FDC-42A3-9474-1A3956D46DE8}") = "NotificationService", "NotificationService", "{7EF643C7-CAF6-4856-933D-DD8A47C84B75}"
EndProject
Project("{2150E333-8FDC-42A3-9474-1A3956D46DE8}") = "PaymentService", "PaymentService", "{902F5BB9-1EBE-4FB3-8B88-A869A8EB393C}"
EndProject
Project("{FAE04EC0-301F-11D3-BF4B-00C04F79EFBC}") = "BasketService.Api", "src\Services\BasketService\BasketService.Api\BasketService.Api.csproj", "{6ED4F7A4-81C6-4166-8677-C77ED301BD32}"
EndProject
Project("{FAE04EC0-301F-11D3-BF4B-00C04F79EFBC}") = "CatalogService.Api", "src\Services\CatalogService\CatalogService.Api\CatalogService.Api.csproj", "{700AA18C-1F78-4323-BE5F-8476B9676B83}"
EndProject
Project("{FAE04EC0-301F-11D3-BF4B-00C04F79EFBC}") = "IdentityService.Api", "src\Services\IdentityService\IdentityService.Api\IdentityService.Api.csproj", "{406B38A5-3161-46DD-A6C7-BFF8287BD329}"
EndProject
Project("{FAE04EC0-301F-11D3-BF4B-00C04F79EFBC}") = "PaymentService.Api", "src\Services\PaymentService\PaymentService.Api\PaymentService.Api.csproj", "{A048D4F4-BA5D-4BB7-AE34-84C67716ECFA}"
EndProject
Project("{FAE04EC0-301F-11D3-BF4B-00C04F79EFBC}") = "NotificationService", "src\Services\NotificationService\NotificationService\NotificationService.csproj", "{23F40F22-2739-4220-BBCA-A2F46D4BBC9D}"
EndProject
Project("{FAE04EC0-301F-11D3-BF4B-00C04F79EFBC}") = "OrderService.Domain", "src\Services\OrderService\OrderService.Domain\OrderService.Domain.csproj", "{B431B92B-BA6A-4602-A3DF-803F4378C5A6}"
EndProject
Project("{FAE04EC0-301F-11D3-BF4B-00C04F79EFBC}") = "OrderService.Application", "src\Services\OrderService\OrderService.Application\OrderService.Application.csproj", "{8C144965-B93F-46A0-A5EB-28898968959E}"
EndProject
Project("{FAE04EC0-301F-11D3-BF4B-00C04F79EFBC}") = "OrderService.Infrastructure", "src\Services\OrderService\OrderService.Infrastructure\OrderService.Infrastructure.csproj", "{A36C2118-6936-477D-99B8-EC81D879CE16}"
EndProject
Project("{FAE04EC0-301F-11D3-BF4B-00C04F79EFBC}") = "OrderService.Api", "src\Services\OrderService\OrderService.Api\OrderService.Api.csproj", "{F0421A4C-ACA3-4BF2-A758-A19405C1FF89}"
EndProject
Global
	GlobalSection(SolutionConfigurationPlatforms) = preSolution
		Debug|Any CPU = Debug|Any CPU
		Release|Any CPU = Release|Any CPU
	EndGlobalSection
	GlobalSection(ProjectConfigurationPlatforms) = postSolution
		{59FE044F-501D-4544-973B-0A7E08C28BFC}.Debug|Any CPU.ActiveCfg = Debug|Any CPU
		{59FE044F-501D-4544-973B-0A7E08C28BFC}.Debug|Any CPU.Build.0 = Debug|Any CPU
		{59FE044F-501D-4544-973B-0A7E08C28BFC}.Release|Any CPU.ActiveCfg = Release|Any CPU
		{59FE044F-501D-4544-973B-0A7E08C28BFC}.Release|Any CPU.Build.0 = Release|Any CPU
		{09B3E57E-B014-4623-97EE-CE50643D4876}.Debug|Any CPU.ActiveCfg = Debug|Any CPU
		{09B3E57E-B014-4623-97EE-CE50643D4876}.Debug|Any CPU.Build.0 = Debug|Any CPU
		{09B3E57E-B014-4623-97EE-CE50643D4876}.Release|Any CPU.ActiveCfg = Release|Any CPU
		{09B3E57E-B014-4623-97EE-CE50643D4876}.Release|Any CPU.Build.0 = Release|Any CPU
		{39715E20-098D-42FE-9FFA-CD94856DEC8B}.Debug|Any CPU.ActiveCfg = Debug|Any CPU
		{39715E20-098D-42FE-9FFA-CD94856DEC8B}.Debug|Any CPU.Build.0 = Debug|Any CPU
		{39715E20-098D-42FE-9FFA-CD94856DEC8B}.Release|Any CPU.ActiveCfg = Release|Any CPU
		{39715E20-098D-42FE-9FFA-CD94856DEC8B}.Release|Any CPU.Build.0 = Release|Any CPU
		{7AC0DBCF-EBE8-407B-BFBD-F338BDAF7487}.Debug|Any CPU.ActiveCfg = Debug|Any CPU
		{7AC0DBCF-EBE8-407B-BFBD-F338BDAF7487}.Debug|Any CPU.Build.0 = Debug|Any CPU
		{7AC0DBCF-EBE8-407B-BFBD-F338BDAF7487}.Release|Any CPU.ActiveCfg = Release|Any CPU
		{7AC0DBCF-EBE8-407B-BFBD-F338BDAF7487}.Release|Any CPU.Build.0 = Release|Any CPU
		{B1E5F0D9-7EA4-4517-999B-D80AFE96EABA}.Debug|Any CPU.ActiveCfg = Debug|Any CPU
		{B1E5F0D9-7EA4-4517-999B-D80AFE96EABA}.Debug|Any CPU.Build.0 = Debug|Any CPU
		{B1E5F0D9-7EA4-4517-999B-D80AFE96EABA}.Release|Any CPU.ActiveCfg = Release|Any CPU
		{B1E5F0D9-7EA4-4517-999B-D80AFE96EABA}.Release|Any CPU.Build.0 = Release|Any CPU
		{4257568B-3E9F-41E9-9F66-8B237E4D6378}.Debug|Any CPU.ActiveCfg = Debug|Any CPU
		{4257568B-3E9F-41E9-9F66-8B237E4D6378}.Debug|Any CPU.Build.0 = Debug|Any CPU
		{4257568B-3E9F-41E9-9F66-8B237E4D6378}.Release|Any CPU.ActiveCfg = Release|Any CPU
		{4257568B-3E9F-41E9-9F66-8B237E4D6378}.Release|Any CPU.Build.0 = Release|Any CPU
		{6ED4F7A4-81C6-4166-8677-C77ED301BD32}.Debug|Any CPU.ActiveCfg = Debug|Any CPU
		{6ED4F7A4-81C6-4166-8677-C77ED301BD32}.Debug|Any CPU.Build.0 = Debug|Any CPU
		{6ED4F7A4-81C6-4166-8677-C77ED301BD32}.Release|Any CPU.ActiveCfg = Release|Any CPU
		{6ED4F7A4-81C6-4166-8677-C77ED301BD32}.Release|Any CPU.Build.0 = Release|Any CPU
		{700AA18C-1F78-4323-BE5F-8476B9676B83}.Debug|Any CPU.ActiveCfg = Debug|Any CPU
		{700AA18C-1F78-4323-BE5F-8476B9676B83}.Debug|Any CPU.Build.0 = Debug|Any CPU
		{700AA18C-1F78-4323-BE5F-8476B9676B83}.Release|Any CPU.ActiveCfg = Release|Any CPU
		{700AA18C-1F78-4323-BE5F-8476B9676B83}.Release|Any CPU.Build.0 = Release|Any CPU
		{406B38A5-3161-46DD-A6C7-BFF8287BD329}.Debug|Any CPU.ActiveCfg = Debug|Any CPU
		{406B38A5-3161-46DD-A6C7-BFF8287BD329}.Debug|Any CPU.Build.0 = Debug|Any CPU
		{406B38A5-3161-46DD-A6C7-BFF8287BD329}.Release|Any CPU.ActiveCfg = Release|Any CPU
		{406B38A5-3161-46DD-A6C7-BFF8287BD329}.Release|Any CPU.Build.0 = Release|Any CPU
		{A048D4F4-BA5D-4BB7-AE34-84C67716ECFA}.Debug|Any CPU.ActiveCfg = Debug|Any CPU
		{A048D4F4-BA5D-4BB7-AE34-84C67716ECFA}.Debug|Any CPU.Build.0 = Debug|Any CPU
		{A048D4F4-BA5D-4BB7-AE34-84C67716ECFA}.Release|Any CPU.ActiveCfg = Release|Any CPU
		{A048D4F4-BA5D-4BB7-AE34-84C67716ECFA}.Release|Any CPU.Build.0 = Release|Any CPU
		{23F40F22-2739-4220-BBCA-A2F46D4BBC9D}.Debug|Any CPU.ActiveCfg = Debug|Any CPU
		{23F40F22-2739-4220-BBCA-A2F46D4BBC9D}.Debug|Any CPU.Build.0 = Debug|Any CPU
		{23F40F22-2739-4220-BBCA-A2F46D4BBC9D}.Release|Any CPU.ActiveCfg = Release|Any CPU
		{23F40F22-2739-4220-BBCA-A2F46D4BBC9D}.Release|Any CPU.Build.0 = Release|Any CPU
		{B431B92B-BA6A-4602-A3DF-803F4378C5A6}.Debug|Any CPU.ActiveCfg = Debug|Any CPU
		{B431B92B-BA6A-4602-A3DF-803F4378C5A6}.Debug|Any CPU.Build.0 = Debug|Any CPU
		{B431B92B-BA6A-4602-A3DF-803F4378C5A6}.Release|Any CPU.ActiveCfg = Release|Any CPU
		{B431B92B-BA6A-4602-A3DF-803F4378C5A6}.Release|Any CPU.Build.0 = Release|Any CPU
		{8C144965-B93F-46A0-A5EB-28898968959E}.Debug|Any CPU.ActiveCfg = Debug|Any CPU
		{8C144965-B93F-46A0-A5EB-28898968959E}.Debug|Any CPU.Build.0 = Debug|Any CPU
		{8C144965-B93F-46A0-A5EB-28898968959E}.Release|Any CPU.ActiveCfg = Release|Any CPU
		{8C144965-B93F-46A0-A5EB-28898968959E}.Release|Any CPU.Build.0 = Release|Any CPU
		{A36C2118-6936-477D-99B8-EC81D879CE16}.Debug|Any CPU.ActiveCfg = Debug|Any CPU
		{A36C2118-6936-477D-99B8-EC81D879CE16}.Debug|Any CPU.Build.0 = Debug|Any CPU
		{A36C2118-6936-477D-99B8-EC81D879CE16}.Release|Any CPU.ActiveCfg = Release|Any CPU
		{A36C2118-6936-477D-99B8-EC81D879CE16}.Release|Any CPU.Build.0 = Release|Any CPU
		{F0421A4C-ACA3-4BF2-A758-A19405C1FF89}.Debug|Any CPU.ActiveCfg = Debug|Any CPU
		{F0421A4C-ACA3-4BF2-A758-A19405C1FF89}.Debug|Any CPU.Build.0 = Debug|Any CPU
		{F0421A4C-ACA3-4BF2-A758-A19405C1FF89}.Release|Any CPU.ActiveCfg = Release|Any CPU
		{F0421A4C-ACA3-4BF2-A758-A19405C1FF89}.Release|Any CPU.Build.0 = Release|Any CPU
	EndGlobalSection
	GlobalSection(SolutionProperties) = preSolution
		HideSolutionNode = FALSE
	EndGlobalSection
	GlobalSection(NestedProjects) = preSolution
		{FADFF159-1E47-4DEB-9F72-A198C5137B73} = {8CA817BD-F24C-4645-BF98-C2BFC2015057}
		{62FAD4EA-2934-4AB6-BFEA-C9C6C988BAD0} = {8CA817BD-F24C-4645-BF98-C2BFC2015057}
		{5AC62DF5-6488-48C7-B401-CBCC9420CCAF} = {8CA817BD-F24C-4645-BF98-C2BFC2015057}
		{81480111-6913-4DA6-9246-2552F9DBCFA7} = {8CA817BD-F24C-4645-BF98-C2BFC2015057}
		{A092AD26-06EB-4AF9-A695-47233A58F1A7} = {FADFF159-1E47-4DEB-9F72-A198C5137B73}
		{59FE044F-501D-4544-973B-0A7E08C28BFC} = {A092AD26-06EB-4AF9-A695-47233A58F1A7}
		{BDE2CB3C-2C29-4167-BEE0-159355C13D2E} = {62FAD4EA-2934-4AB6-BFEA-C9C6C988BAD0}
		{09B3E57E-B014-4623-97EE-CE50643D4876} = {BDE2CB3C-2C29-4167-BEE0-159355C13D2E}
		{39715E20-098D-42FE-9FFA-CD94856DEC8B} = {BDE2CB3C-2C29-4167-BEE0-159355C13D2E}
		{7AC0DBCF-EBE8-407B-BFBD-F338BDAF7487} = {BDE2CB3C-2C29-4167-BEE0-159355C13D2E}
		{B1E5F0D9-7EA4-4517-999B-D80AFE96EABA} = {BDE2CB3C-2C29-4167-BEE0-159355C13D2E}
		{51D271EF-06B6-4BDC-BBB7-4D55CCB58F5A} = {5AC62DF5-6488-48C7-B401-CBCC9420CCAF}
		{4257568B-3E9F-41E9-9F66-8B237E4D6378} = {51D271EF-06B6-4BDC-BBB7-4D55CCB58F5A}
		{FAC4481C-FEDA-4F75-8BE7-9AD8B0CA23F4} = {81480111-6913-4DA6-9246-2552F9DBCFA7}
		{2E709773-122E-4974-8E21-7FDE96621194} = {81480111-6913-4DA6-9246-2552F9DBCFA7}
		{0DCE51A7-07D5-4057-B9C4-441035D18B8B} = {81480111-6913-4DA6-9246-2552F9DBCFA7}
		{1EF36CBB-B3C9-49BF-971E-D62E57B1D1DF} = {81480111-6913-4DA6-9246-2552F9DBCFA7}
		{7EF643C7-CAF6-4856-933D-DD8A47C84B75} = {81480111-6913-4DA6-9246-2552F9DBCFA7}
		{902F5BB9-1EBE-4FB3-8B88-A869A8EB393C} = {81480111-6913-4DA6-9246-2552F9DBCFA7}
		{6ED4F7A4-81C6-4166-8677-C77ED301BD32} = {2E709773-122E-4974-8E21-7FDE96621194}
		{700AA18C-1F78-4323-BE5F-8476B9676B83} = {FAC4481C-FEDA-4F75-8BE7-9AD8B0CA23F4}
		{406B38A5-3161-46DD-A6C7-BFF8287BD329} = {0DCE51A7-07D5-4057-B9C4-441035D18B8B}
		{A048D4F4-BA5D-4BB7-AE34-84C67716ECFA} = {902F5BB9-1EBE-4FB3-8B88-A869A8EB393C}
		{23F40F22-2739-4220-BBCA-A2F46D4BBC9D} = {7EF643C7-CAF6-4856-933D-DD8A47C84B75}
		{B431B92B-BA6A-4602-A3DF-803F4378C5A6} = {1EF36CBB-B3C9-49BF-971E-D62E57B1D1DF}
		{8C144965-B93F-46A0-A5EB-28898968959E} = {1EF36CBB-B3C9-49BF-971E-D62E57B1D1DF}
		{A36C2118-6936-477D-99B8-EC81D879CE16} = {1EF36CBB-B3C9-49BF-971E-D62E57B1D1DF}
		{F0421A4C-ACA3-4BF2-A758-A19405C1FF89} = {1EF36CBB-B3C9-49BF-971E-D62E57B1D1DF}
	EndGlobalSection
	GlobalSection(ExtensibilityGlobals) = postSolution
		SolutionGuid = {0499AB57-C5D3-48CF-AF70-72754D15EA7B}
	EndGlobalSection
EndGlobal
